# upstream-references.lock
generated_utc=2026-02-12T11:51:05Z
repo_root=/home/luce/apps/loki-logging
clone_mode=1
clone_dir=/home/luce/apps/loki-logging/_build/upstream-sources

[grafana]
url=https://github.com/grafana/grafana.git
default_branch=main
remote_head=950b326dd522d37021b833ab0e95dc6bbb472f33
local_path=/home/luce/apps/loki-logging/_build/upstream-sources/grafana
local_sha=950b326dd522d37021b833ab0e95dc6bbb472f33

[loki]
url=https://github.com/grafana/loki.git
default_branch=main
remote_head=3b44b8057b0ecefd7b62dc5c68ba63150893bfee
local_path=/home/luce/apps/loki-logging/_build/upstream-sources/loki
local_sha=3b44b8057b0ecefd7b62dc5c68ba63150893bfee

[alloy]
url=https://github.com/grafana/alloy.git
default_branch=main
remote_head=48750e5848b5bcae2f87807ffd02b46249c0aebc
local_path=/home/luce/apps/loki-logging/_build/upstream-sources/alloy
local_sha=48750e5848b5bcae2f87807ffd02b46249c0aebc

[prometheus]
url=https://github.com/prometheus/prometheus.git
default_branch=main
remote_head=19fd0b0b1dbfe01a5e49f5d04544a7c5853c12bb
local_path=/home/luce/apps/loki-logging/_build/upstream-sources/prometheus
local_sha=19fd0b0b1dbfe01a5e49f5d04544a7c5853c12bb
